
Microsoft Visual Studio Solution File, Format Version 12.00
# Visual Studio Version 16
VisualStudioVersion = 16.0.30320.27
MinimumVisualStudioVersion = 10.0.40219.1
Project("{FAE04EC0-301F-11D3-BF4B-00C04F79EFBC}") = "virtual-autoclicker-console", "src/virtual-autoclicker-console.csproj", "{76027AC1-E85B-4161-A957-5A787BA7377D}"
EndProject
Global
	GlobalSection(SolutionConfigurationPlatforms) = preSolution
		Debug|Any CPU = Debug|Any CPU
		Release|Any CPU = Release|Any CPU
	EndGlobalSection
	GlobalSection(ProjectConfigurationPlatforms) = postSolution
		{76027AC1-E85B-4161-A957-5A787BA7377D}.Debug|Any CPU.ActiveCfg = Debug|Any CPU
		{76027AC1-E85B-4161-A957-5A787BA7377D}.Debug|Any CPU.Build.0 = Debug|Any CPU
		{76027AC1-E85B-4161-A957-5A787BA7377D}.Release|Any CPU.ActiveCfg = Release|Any CPU
		{76027AC1-E85B-4161-A957-5A787BA7377D}.Release|Any CPU.Build.0 = Release|Any CPU
	EndGlobalSection
	GlobalSection(SolutionProperties) = preSolution
		HideSolutionNode = FALSE
	EndGlobalSection
	GlobalSection(ExtensibilityGlobals) = postSolution
		SolutionGuid = {6888DEBF-67C6-485C-B673-D39D7A6FDFD7}
	EndGlobalSection
EndGlobal
